{
  "name": "dynwinrt-jsx",
  "version": "1.0.0",
  "lockfileVersion": 3,
  "requires": true,
  "packages": {
    "": {
      "name": "dynwinrt-jsx",
      "version": "1.0.0",
      "license": "MIT",
      "os": [
        "win32"
      ],
      "bin": {
        "dynwinrt-jsx": "bin/create.js"
      },
      "devDependencies": {
        "typescript": "5.9.2"
      },
      "engines": {
        "node": ">=20"
      }
    },
    "node_modules/typescript": {
      "version": "5.9.2",
      "resolved": "https://ms-feed-12.pkgs.visualstudio.com/1es-public/_packaging/npm-public/npm/registry/typescript/-/typescript-5.9.2.tgz",
      "integrity": "sha1-2TRQzd7FFUotXKvjuBArgzFvsqY=",
      "dev": true,
      "license": "Apache-2.0",
      "bin": {
        "tsc": "bin/tsc",
        "tsserver": "bin/tsserver"
      },
      "engines": {
        "node": ">=14.17"
      }
    }
  }
}
