{
  "name": "dynwinrt-jsx-dashboard",
  "version": "1.0.0",
  "lockfileVersion": 3,
  "requires": true,
  "packages": {
    "": {
      "name": "dynwinrt-jsx-dashboard",
      "version": "1.0.0",
      "dependencies": {
        "@microsoft/dynwinrt": "file:../../../dynwinrt/bindings/js",
        "dynwinrt-jsx": "file:../.."
      },
      "devDependencies": {
        "@microsoft/dynwinrt-codegen": "file:tools/local-codegen",
        "@microsoft/winappcli": "file:../../../winappCli/src/winapp-npm",
        "typescript": "5.9.2"
      },
      "engines": {
        "node": ">=20"
      }
    },
    "../..": {
      "version": "1.0.0",
      "license": "MIT",
      "os": [
        "win32"
      ],
      "bin": {
        "dynwinrt-jsx": "bin/create.js"
      },
      "devDependencies": {
        "typescript": "5.9.2"
      },
      "engines": {
        "node": ">=20"
      }
    },
    "../../../dynwinrt/bindings/js": {
      "name": "@microsoft/dynwinrt",
      "version": "0.1.0",
      "license": "MIT",
      "devDependencies": {
        "@emnapi/core": "^1.5.0",
        "@emnapi/runtime": "^1.5.0",
        "@napi-rs/cli": "^3.2.0",
        "@napi-rs/wasm-runtime": "^1.0.4",
        "@oxc-node/core": "^0.0.35",
        "@taplo/cli": "^0.7.0",
        "@tybys/wasm-util": "^0.10.0",
        "ava": "^6.4.1",
        "chalk": "^5.6.2",
        "emnapi": "^1.5.0",
        "husky": "^9.1.7",
        "lint-staged": "^16.1.6",
        "npm-run-all2": "^8.0.4",
        "oxlint": "^1.14.0",
        "prettier": "^3.6.2",
        "tinybench": "^6.0.0",
        "tsx": "^4.21.0",
        "typescript": "^5.9.2"
      },
      "engines": {
        "node": ">= 12.22.0 < 13 || >= 14.17.0 < 15 || >= 15.12.0 < 16 || >= 16.0.0"
      }
    },
    "../../../dynwinrt/tools/dynwinrt-codegen/npm": {
      "name": "@microsoft/dynwinrt-codegen",
      "version": "0.1.0",
      "extraneous": true,
      "license": "MIT",
      "os": [
        "win32"
      ],
      "bin": {
        "dynwinrt-codegen": "cli.js"
      }
    },
    "../../../winappCli/src/winapp-npm": {
      "name": "@microsoft/winappcli",
      "version": "1.0.0",
      "dev": true,
      "hasInstallScript": true,
      "license": "MIT",
      "os": [
        "win32"
      ],
      "bin": {
        "winapp": "dist/cli.js"
      },
      "devDependencies": {
        "@eslint/js": "^10.0.1",
        "@types/node": "^25.5.0",
        "eslint": "^10.1.0",
        "eslint-config-prettier": "^10.1.8",
        "globals": "^17.4.0",
        "prettier": "^3.8.1",
        "typescript": "^5.9.3",
        "typescript-eslint": "^8.57.2"
      },
      "engines": {
        "node": ">=18.0.0"
      }
    },
    "node_modules/@microsoft/dynwinrt": {
      "resolved": "../../../dynwinrt/bindings/js",
      "link": true
    },
    "node_modules/@microsoft/dynwinrt-codegen": {
      "resolved": "tools/local-codegen",
      "link": true
    },
    "node_modules/@microsoft/winappcli": {
      "resolved": "../../../winappCli/src/winapp-npm",
      "link": true
    },
    "node_modules/dynwinrt-jsx": {
      "resolved": "../..",
      "link": true
    },
    "node_modules/typescript": {
      "version": "5.9.2",
      "resolved": "https://ms-feed-25.pkgs.visualstudio.com/1es-public/_packaging/npm-public/npm/registry/typescript/-/typescript-5.9.2.tgz",
      "integrity": "sha1-2TRQzd7FFUotXKvjuBArgzFvsqY=",
      "dev": true,
      "license": "Apache-2.0",
      "bin": {
        "tsc": "bin/tsc",
        "tsserver": "bin/tsserver"
      },
      "engines": {
        "node": ">=14.17"
      }
    },
    "tools/local-codegen": {
      "name": "@microsoft/dynwinrt-codegen",
      "version": "0.1.0",
      "dev": true,
      "bin": {
        "dynwinrt-codegen": "cli.js"
      }
    }
  }
}
